// !$*UTF8*$!
{
	archiveVersion = 1;
	classes = {
	};
	objectVersion = 56;
	objects = {

/* Begin PBXBuildFile section */
		778AB6D32C10035F00433E3C /* ChattoApp.swift in Sources */ = {isa = PBXBuildFile; fileRef = 778AB6D22C10035F00433E3C /* ChattoApp.swift */; };
		778AB6D52C10035F00433E3C /* ContentView.swift in Sources */ = {isa = PBXBuildFile; fileRef = 778AB6D42C10035F00433E3C /* ContentView.swift */; };
		778AB6D72C10036200433E3C /* Assets.xcassets in Resources */ = {isa = PBXBuildFile; fileRef = 778AB6D62C10036200433E3C /* Assets.xcassets */; };
		778AB6DA2C10036200433E3C /* Preview Assets.xcassets in Resources */ = {isa = PBXBuildFile; fileRef = 778AB6D92C10036200433E3C /* Preview Assets.xcassets */; };
		778AB6E42C10036200433E3C /* ChattoTests.swift in Sources */ = {isa = PBXBuildFile; fileRef = 778AB6E32C10036200433E3C /* ChattoTests.swift */; };
		778AB6EE2C10036200433E3C /* ChattoUITests.swift in Sources */ = {isa = PBXBuildFile; fileRef = 778AB6ED2C10036200433E3C /* ChattoUITests.swift */; };
		778AB6F02C10036200433E3C /* ChattoUITestsLaunchTests.swift in Sources */ = {isa = PBXBuildFile; fileRef = 778AB6EF2C10036200433E3C /* ChattoUITestsLaunchTests.swift */; };
/* End PBXBuildFile section */

/* Begin PBXContainerItemProxy section */
		778AB6E02C10036200433E3C /* PBXContainerItemProxy */ = {
			isa = PBXContainerItemProxy;
			containerPortal = 778AB6C72C10035F00433E3C /* Project object */;
			proxyType = 1;
			remoteGlobalIDString = 778AB6CE2C10035F00433E3C;
			remoteInfo = Chatto;
		};
		778AB6EA2C10036200433E3C /* PBXContainerItemProxy */ = {
			isa = PBXContainerItemProxy;
			containerPortal = 778AB6C72C10035F00433E3C /* Project object */;
			proxyType = 1;
			remoteGlobalIDString = 778AB6CE2C10035F00433E3C;
			remoteInfo = Chatto;
		};
/* End PBXContainerItemProxy section */

/* Begin PBXFileReference section */
		778AB6CF2C10035F00433E3C /* Chatto.app */ = {isa = PBXFileReference; explicitFileType = wrapper.application; includeInIndex = 0; path = Chatto.app; sourceTree = BUILT_PRODUCTS_DIR; };
		778AB6D22C10035F00433E3C /* ChattoApp.swift */ = {isa = PBXFileReference; lastKnownFileType = sourcecode.swift; path = ChattoApp.swift; sourceTree = "<group>"; };
		778AB6D42C10035F00433E3C /* ContentView.swift */ = {isa = PBXFileReference; lastKnownFileType = sourcecode.swift; path = ContentView.swift; sourceTree = "<group>"; };
		778AB6D62C10036200433E3C /* Assets.xcassets */ = {isa = PBXFileReference; lastKnownFileType = folder.assetcatalog; path = Assets.xcassets; sourceTree = "<group>"; };
		778AB6D92C10036200433E3C /* Preview Assets.xcassets */ = {isa = PBXFileReference; lastKnownFileType = folder.assetcatalog; path = "Preview Assets.xcassets"; sourceTree = "<group>"; };
		778AB6DF2C10036200433E3C /* ChattoTests.xctest */ = {isa = PBXFileReference; explicitFileType = wrapper.cfbundle; includeInIndex = 0; path = ChattoTests.xctest; sourceTree = BUILT_PRODUCTS_DIR; };
		778AB6E32C10036200433E3C /* ChattoTests.swift */ = {isa = PBXFileReference; lastKnownFileType = sourcecode.swift; path = ChattoTests.swift; sourceTree = "<group>"; };
		778AB6E92C10036200433E3C /* ChattoUITests.xctest */ = {isa = PBXFileReference; explicitFileType = wrapper.cfbundle; includeInIndex = 0; path = ChattoUITests.xctest; sourceTree = BUILT_PRODUCTS_DIR; };
		778AB6ED2C10036200433E3C /* ChattoUITests.swift */ = {isa = PBXFileReference; lastKnownFileType = sourcecode.swift; path = ChattoUITests.swift; sourceTree = "<group>"; };
		778AB6EF2C10036200433E3C /* ChattoUITestsLaunchTests.swift */ = {isa = PBXFileReference; lastKnownFileType = sourcecode.swift; path = ChattoUITestsLaunchTests.swift; sourceTree = "<group>"; };
/* End PBXFileReference section */

/* Begin PBXFrameworksBuildPhase section */
		778AB6CC2C10035F00433E3C /* Frameworks */ = {
			isa = PBXFrameworksBuildPhase;
			buildActionMask = 2147483647;
			files = (
			);
			runOnlyForDeploymentPostprocessing = 0;
		};
		778AB6DC2C10036200433E3C /* Frameworks */ = {
			isa = PBXFrameworksBuildPhase;
			buildActionMask = 2147483647;
			files = (
			);
			runOnlyForDeploymentPostprocessing = 0;
		};
		778AB6E62C10036200433E3C /* Frameworks */ = {
			isa = PBXFrameworksBuildPhase;
			buildActionMask = 2147483647;
			files = (
			);
			runOnlyForDeploymentPostprocessing = 0;
		};
/* End PBXFrameworksBuildPhase section */

/* Begin PBXGroup section */
		778AB6C62C10035F00433E3C = {
			isa = PBXGroup;
			children = (
				778AB6D12C10035F00433E3C /* Chatto */,
				778AB6E22C10036200433E3C /* ChattoTests */,
				778AB6EC2C10036200433E3C /* ChattoUITests */,
				778AB6D02C10035F00433E3C /* Products */,
			);
			sourceTree = "<group>";
		};
		778AB6D02C10035F00433E3C /* Products */ = {
			isa = PBXGroup;
			children = (
				778AB6CF2C10035F00433E3C /* Chatto.app */,
				778AB6DF2C10036200433E3C /* ChattoTests.xctest */,
				778AB6E92C10036200433E3C /* ChattoUITests.xctest */,
			);
			name = Products;
			sourceTree = "<group>";
		};
		778AB6D12C10035F00433E3C /* Chatto */ = {
			isa = PBXGroup;
			children = (
				778AB6D22C10035F00433E3C /* ChattoApp.swift */,
				778AB6D42C10035F00433E3C /* ContentView.swift */,
				778AB6D62C10036200433E3C /* Assets.xcassets */,
				778AB6D82C10036200433E3C /* Preview Content */,
			);
			path = Chatto;
			sourceTree = "<group>";
		};
		778AB6D82C10036200433E3C /* Preview Content */ = {
			isa = PBXGroup;
			children = (
				778AB6D92C10036200433E3C /* Preview Assets.xcassets */,
			);
			path = "Preview Content";
			sourceTree = "<group>";
		};
		778AB6E22C10036200433E3C /* ChattoTests */ = {
			isa = PBXGroup;
			children = (
				778AB6E32C10036200433E3C /* ChattoTests.swift */,
			);
			path = ChattoTests;
			sourceTree = "<group>";
		};
		778AB6EC2C10036200433E3C /* ChattoUITests */ = {
			isa = PBXGroup;
			children = (
				778AB6ED2C10036200433E3C /* ChattoUITests.swift */,
				778AB6EF2C10036200433E3C /* ChattoUITestsLaunchTests.swift */,
			);
			path = ChattoUITests;
			sourceTree = "<group>";
		};
/* End PBXGroup section */

/* Begin PBXNativeTarget section */
		778AB6CE2C10035F00433E3C /* Chatto */ = {
			isa = PBXNativeTarget;
			buildConfigurationList = 778AB6F32C10036200433E3C /* Build configuration list for PBXNativeTarget "Chatto" */;
			buildPhases = (
				778AB6CB2C10035F00433E3C /* Sources */,
				778AB6CC2C10035F00433E3C /* Frameworks */,
				778AB6CD2C10035F00433E3C /* Resources */,
			);
			buildRules = (
			);
			dependencies = (
			);
			name = Chatto;
			productName = Chatto;
			productReference = 778AB6CF2C10035F00433E3C /* Chatto.app */;
			productType = "com.apple.product-type.application";
		};
		778AB6DE2C10036200433E3C /* ChattoTests */ = {
			isa = PBXNativeTarget;
			buildConfigurationList = 778AB6F62C10036200433E3C /* Build configuration list for PBXNativeTarget "ChattoTests" */;
			buildPhases = (
				778AB6DB2C10036200433E3C /* Sources */,
				778AB6DC2C10036200433E3C /* Frameworks */,
				778AB6DD2C10036200433E3C /* Resources */,
			);
			buildRules = (
			);
			dependencies = (
				778AB6E12C10036200433E3C /* PBXTargetDependency */,
			);
			name = ChattoTests;
			productName = ChattoTests;
			productReference = 778AB6DF2C10036200433E3C /* ChattoTests.xctest */;
			productType = "com.apple.product-type.bundle.unit-test";
		};
		778AB6E82C10036200433E3C /* ChattoUITests */ = {
			isa = PBXNativeTarget;
			buildConfigurationList = 778AB6F92C10036200433E3C /* Build configuration list for PBXNativeTarget "ChattoUITests" */;
			buildPhases = (
				778AB6E52C10036200433E3C /* Sources */,
				778AB6E62C10036200433E3C /* Frameworks */,
				778AB6E72C10036200433E3C /* Resources */,
			);
			buildRules = (
			);
			dependencies = (
				778AB6EB2C10036200433E3C /* PBXTargetDependency */,
			);
			name = ChattoUITests;
			productName = ChattoUITests;
			productReference = 778AB6E92C10036200433E3C /* ChattoUITests.xctest */;
			productType = "com.apple.product-type.bundle.ui-testing";
		};
/* End PBXNativeTarget section */

/* Begin PBXProject section */
		778AB6C72C10035F00433E3C /* Project object */ = {
			isa = PBXProject;
			attributes = {
				BuildIndependentTargetsInParallel = 1;
				LastSwiftUpdateCheck = 1520;
				LastUpgradeCheck = 1520;
				TargetAttributes = {
					778AB6CE2C10035F00433E3C = {
						CreatedOnToolsVersion = 15.2;
					};
					778AB6DE2C10036200433E3C = {
						CreatedOnToolsVersion = 15.2;
						TestTargetID = 778AB6CE2C10035F00433E3C;
					};
					778AB6E82C10036200433E3C = {
						CreatedOnToolsVersion = 15.2;
						TestTargetID = 778AB6CE2C10035F00433E3C;
					};
				};
			};
			buildConfigurationList = 778AB6CA2C10035F00433E3C /* Build configuration list for PBXProject "Chatto" */;
			compatibilityVersion = "Xcode 14.0";
			developmentRegion = en;
			hasScannedForEncodings = 0;
			knownRegions = (
				en,
				Base,
			);
			mainGroup = 778AB6C62C10035F00433E3C;
			productRefGroup = 778AB6D02C10035F00433E3C /* Products */;
			projectDirPath = "";
			projectRoot = "";
			targets = (
				778AB6CE2C10035F00433E3C /* Chatto */,
				778AB6DE2C10036200433E3C /* ChattoTests */,
				778AB6E82C10036200433E3C /* ChattoUITests */,
			);
		};
/* End PBXProject section */

/* Begin PBXResourcesBuildPhase section */
		778AB6CD2C10035F00433E3C /* Resources */ = {
			isa = PBXResourcesBuildPhase;
			buildActionMask = 2147483647;
			files = (
				778AB6DA2C10036200433E3C /* Preview Assets.xcassets in Resources */,
				778AB6D72C10036200433E3C /* Assets.xcassets in Resources */,
			);
			runOnlyForDeploymentPostprocessing = 0;
		};
		778AB6DD2C10036200433E3C /* Resources */ = {
			isa = PBXResourcesBuildPhase;
			buildActionMask = 2147483647;
			files = (
			);
			runOnlyForDeploymentPostprocessing = 0;
		};
		778AB6E72C10036200433E3C /* Resources */ = {
			isa = PBXResourcesBuildPhase;
			buildActionMask = 2147483647;
			files = (
			);
			runOnlyForDeploymentPostprocessing = 0;
		};
/* End PBXResourcesBuildPhase section */

/* Begin PBXSourcesBuildPhase section */
		778AB6CB2C10035F00433E3C /* Sources */ = {
			isa = PBXSourcesBuildPhase;
			buildActionMask = 2147483647;
			files = (
				778AB6D52C10035F00433E3C /* ContentView.swift in Sources */,
				778AB6D32C10035F00433E3C /* ChattoApp.swift in Sources */,
			);
			runOnlyForDeploymentPostprocessing = 0;
		};
		778AB6DB2C10036200433E3C /* Sources */ = {
			isa = PBXSourcesBuildPhase;
			buildActionMask = 2147483647;
			files = (
				778AB6E42C10036200433E3C /* ChattoTests.swift in Sources */,
			);
			runOnlyForDeploymentPostprocessing = 0;
		};
		778AB6E52C10036200433E3C /* Sources */ = {
			isa = PBXSourcesBuildPhase;
			buildActionMask = 2147483647;
			files = (
				778AB6EE2C10036200433E3C /* ChattoUITests.swift in Sources */,
				778AB6F02C10036200433E3C /* ChattoUITestsLaunchTests.swift in Sources */,
			);
			runOnlyForDeploymentPostprocessing = 0;
		};
/* End PBXSourcesBuildPhase section */

/* Begin PBXTargetDependency section */
		778AB6E12C10036200433E3C /* PBXTargetDependency */ = {
			isa = PBXTargetDependency;
			target = 778AB6CE2C10035F00433E3C /* Chatto */;
			targetProxy = 778AB6E02C10036200433E3C /* PBXContainerItemProxy */;
		};
		778AB6EB2C10036200433E3C /* PBXTargetDependency */ = {
			isa = PBXTargetDependency;
			target = 778AB6CE2C10035F00433E3C /* Chatto */;
			targetProxy = 778AB6EA2C10036200433E3C /* PBXContainerItemProxy */;
		};
/* End PBXTargetDependency section */

/* Begin XCBuildConfiguration section */
		778AB6F12C10036200433E3C /* Debug */ = {
			isa = XCBuildConfiguration;
			buildSettings = {
				ALWAYS_SEARCH_USER_PATHS = NO;
				ASSETCATALOG_COMPILER_GENERATE_SWIFT_ASSET_SYMBOL_EXTENSIONS = YES;
				CLANG_ANALYZER_NONNULL = YES;
				CLANG_ANALYZER_NUMBER_OBJECT_CONVERSION = YES_AGGRESSIVE;
				CLANG_CXX_LANGUAGE_STANDARD = "gnu++20";
				CLANG_ENABLE_MODULES = YES;
				CLANG_ENABLE_OBJC_ARC = YES;
				CLANG_ENABLE_OBJC_WEAK = YES;
				CLANG_WARN_BLOCK_CAPTURE_AUTORELEASING = YES;
				CLANG_WARN_BOOL_CONVERSION = YES;
				CLANG_WARN_COMMA = YES;
				CLANG_WARN_CONSTANT_CONVERSION = YES;
				CLANG_WARN_DEPRECATED_OBJC_IMPLEMENTATIONS = YES;
				CLANG_WARN_DIRECT_OBJC_ISA_USAGE = YES_ERROR;
				CLANG_WARN_DOCUMENTATION_COMMENTS = YES;
				CLANG_WARN_EMPTY_BODY = YES;
				CLANG_WARN_ENUM_CONVERSION = YES;
				CLANG_WARN_INFINITE_RECURSION = YES;
				CLANG_WARN_INT_CONVERSION = YES;
				CLANG_WARN_NON_LITERAL_NULL_CONVERSION = YES;
				CLANG_WARN_OBJC_IMPLICIT_RETAIN_SELF = YES;
				CLANG_WARN_OBJC_LITERAL_CONVERSION = YES;
				CLANG_WARN_OBJC_ROOT_CLASS = YES_ERROR;
				CLANG_WARN_QUOTED_INCLUDE_IN_FRAMEWORK_HEADER = YES;
				CLANG_WARN_RANGE_LOOP_ANALYSIS = YES;
				CLANG_WARN_STRICT_PROTOTYPES = YES;
				CLANG_WARN_SUSPICIOUS_MOVE = YES;
				CLANG_WARN_UNGUARDED_AVAILABILITY = YES_AGGRESSIVE;
				CLANG_WARN_UNREACHABLE_CODE = YES;
				CLANG_WARN__DUPLICATE_METHOD_MATCH = YES;
				COPY_PHASE_STRIP = NO;
				DEBUG_INFORMATION_FORMAT = dwarf;
				ENABLE_STRICT_OBJC_MSGSEND = YES;
				ENABLE_TESTABILITY = YES;
				ENABLE_USER_SCRIPT_SANDBOXING = YES;
				GCC_C_LANGUAGE_STANDARD = gnu17;
				GCC_DYNAMIC_NO_PIC = NO;
				GCC_NO_COMMON_BLOCKS = YES;
				GCC_OPTIMIZATION_LEVEL = 0;
				GCC_PREPROCESSOR_DEFINITIONS = (
					"DEBUG=1",
					"$(inherited)",
				);
				GCC_WARN_64_TO_32_BIT_CONVERSION = YES;
				GCC_WARN_ABOUT_RETURN_TYPE = YES_ERROR;
				GCC_WARN_UNDECLARED_SELECTOR = YES;
				GCC_WARN_UNINITIALIZED_AUTOS = YES_AGGRESSIVE;
				GCC_WARN_UNUSED_FUNCTION = YES;
				GCC_WARN_UNUSED_VARIABLE = YES;
				IPHONEOS_DEPLOYMENT_TARGET = 17.2;
				LOCALIZATION_PREFERS_STRING_CATALOGS = YES;
				MTL_ENABLE_DEBUG_INFO = INCLUDE_SOURCE;
				MTL_FAST_MATH = YES;
				ONLY_ACTIVE_ARCH = YES;
				SDKROOT = iphoneos;
				SWIFT_ACTIVE_COMPILATION_CONDITIONS = "DEBUG $(inherited)";
				SWIFT_OPTIMIZATION_LEVEL = "-Onone";
			};
			name = Debug;
		};
		778AB6F22C10036200433E3C /* Release */ = {
			isa = XCBuildConfiguration;
			buildSettings = {
				ALWAYS_SEARCH_USER_PATHS = NO;
				ASSETCATALOG_COMPILER_GENERATE_SWIFT_ASSET_SYMBOL_EXTENSIONS = YES;
				CLANG_ANALYZER_NONNULL = YES;
				CLANG_ANALYZER_NUMBER_OBJECT_CONVERSION = YES_AGGRESSIVE;
				CLANG_CXX_LANGUAGE_STANDARD = "gnu++20";
				CLANG_ENABLE_MODULES = YES;
				CLANG_ENABLE_OBJC_ARC = YES;
				CLANG_ENABLE_OBJC_WEAK = YES;
				CLANG_WARN_BLOCK_CAPTURE_AUTORELEASING = YES;
				CLANG_WARN_BOOL_CONVERSION = YES;
				CLANG_WARN_COMMA = YES;
				CLANG_WARN_CONSTANT_CONVERSION = YES;
				CLANG_WARN_DEPRECATED_OBJC_IMPLEMENTATIONS = YES;
				CLANG_WARN_DIRECT_OBJC_ISA_USAGE = YES_ERROR;
				CLANG_WARN_DOCUMENTATION_COMMENTS = YES;
				CLANG_WARN_EMPTY_BODY = YES;
				CLANG_WARN_ENUM_CONVERSION = YES;
				CLANG_WARN_INFINITE_RECURSION = YES;
				CLANG_WARN_INT_CONVERSION = YES;
				CLANG_WARN_NON_LITERAL_NULL_CONVERSION = YES;
				CLANG_WARN_OBJC_IMPLICIT_RETAIN_SELF = YES;
				CLANG_WARN_OBJC_LITERAL_CONVERSION = YES;
				CLANG_WARN_OBJC_ROOT_CLASS = YES_ERROR;
				CLANG_WARN_QUOTED_INCLUDE_IN_FRAMEWORK_HEADER = YES;
				CLANG_WARN_RANGE_LOOP_ANALYSIS = YES;
				CLANG_WARN_STRICT_PROTOTYPES = YES;
				CLANG_WARN_SUSPICIOUS_MOVE = YES;
				CLANG_WARN_UNGUARDED_AVAILABILITY = YES_AGGRESSIVE;
				CLANG_WARN_UNREACHABLE_CODE = YES;
				CLANG_WARN__DUPLICATE_METHOD_MATCH = YES;
				COPY_PHASE_STRIP = NO;
				DEBUG_INFORMATION_FORMAT = "dwarf-with-dsym";
				ENABLE_NS_ASSERTIONS = NO;
				ENABLE_STRICT_OBJC_MSGSEND = YES;
				ENABLE_USER_SCRIPT_SANDBOXING = YES;
				GCC_C_LANGUAGE_STANDARD = gnu17;
				GCC_NO_COMMON_BLOCKS = YES;
				GCC_WARN_64_TO_32_BIT_CONVERSION = YES;
				GCC_WARN_ABOUT_RETURN_TYPE = YES_ERROR;
				GCC_WARN_UNDECLARED_SELECTOR = YES;
				GCC_WARN_UNINITIALIZED_AUTOS = YES_AGGRESSIVE;
				GCC_WARN_UNUSED_FUNCTION = YES;
				GCC_WARN_UNUSED_VARIABLE = YES;
				IPHONEOS_DEPLOYMENT_TARGET = 17.2;
				LOCALIZATION_PREFERS_STRING_CATALOGS = YES;
				MTL_ENABLE_DEBUG_INFO = NO;
				MTL_FAST_MATH = YES;
				SDKROOT = iphoneos;
				SWIFT_COMPILATION_MODE = wholemodule;
				VALIDATE_PRODUCT = YES;
			};
			name = Release;
		};
		778AB6F42C10036200433E3C /* Debug */ = {
			isa = XCBuildConfiguration;
			buildSettings = {
				ASSETCATALOG_COMPILER_APPICON_NAME = AppIcon;
				ASSETCATALOG_COMPILER_GLOBAL_ACCENT_COLOR_NAME = AccentColor;
				CODE_SIGN_STYLE = Automatic;
				CURRENT_PROJECT_VERSION = 1;
				DEVELOPMENT_ASSET_PATHS = "\"Chatto/Preview Content\"";
				DEVELOPMENT_TEAM = DYXBWDG6F4;
				ENABLE_PREVIEWS = YES;
				GENERATE_INFOPLIST_FILE = YES;
				INFOPLIST_KEY_UIApplicationSceneManifest_Generation = YES;
				INFOPLIST_KEY_UIApplicationSupportsIndirectInputEvents = YES;
				INFOPLIST_KEY_UILaunchScreen_Generation = YES;
				INFOPLIST_KEY_UISupportedInterfaceOrientations_iPad = "UIInterfaceOrientationPortrait UIInterfaceOrientationPortraitUpsideDown UIInterfaceOrientationLandscapeLeft UIInterfaceOrientationLandscapeRight";
				INFOPLIST_KEY_UISupportedInterfaceOrientations_iPhone = "UIInterfaceOrientationPortrait UIInterfaceOrientationLandscapeLeft UIInterfaceOrientationLandscapeRight";
				LD_RUNPATH_SEARCH_PATHS = (
					"$(inherited)",
					"@executable_path/Frameworks",
				);
				MARKETING_VERSION = 1.0;
				PRODUCT_BUNDLE_IDENTIFIER = com.example.apple.Chatto;
				PRODUCT_NAME = "$(TARGET_NAME)";
				SWIFT_EMIT_LOC_STRINGS = YES;
				SWIFT_VERSION = 5.0;
				TARGETED_DEVICE_FAMILY = "1,2";
			};
			name = Debug;
		};
		778AB6F52C10036200433E3C /* Release */ = {
			isa = XCBuildConfiguration;
			buildSettings = {
				ASSETCATALOG_COMPILER_APPICON_NAME = AppIcon;
				ASSETCATALOG_COMPILER_GLOBAL_ACCENT_COLOR_NAME = AccentColor;
				CODE_SIGN_STYLE = Automatic;
				CURRENT_PROJECT_VERSION = 1;
				DEVELOPMENT_ASSET_PATHS = "\"Chatto/Preview Content\"";
				DEVELOPMENT_TEAM = DYXBWDG6F4;
				ENABLE_PREVIEWS = YES;
				GENERATE_INFOPLIST_FILE = YES;
				INFOPLIST_KEY_UIApplicationSceneManifest_Generation = YES;
				INFOPLIST_KEY_UIApplicationSupportsIndirectInputEvents = YES;
				INFOPLIST_KEY_UILaunchScreen_Generation = YES;
				INFOPLIST_KEY_UISupportedInterfaceOrientations_iPad = "UIInterfaceOrientationPortrait UIInterfaceOrientationPortraitUpsideDown UIInterfaceOrientationLandscapeLeft UIInterfaceOrientationLandscapeRight";
				INFOPLIST_KEY_UISupportedInterfaceOrientations_iPhone = "UIInterfaceOrientationPortrait UIInterfaceOrientationLandscapeLeft UIInterfaceOrientationLandscapeRight";
				LD_RUNPATH_SEARCH_PATHS = (
					"$(inherited)",
					"@executable_path/Frameworks",
				);
				MARKETING_VERSION = 1.0;
				PRODUCT_BUNDLE_IDENTIFIER = com.example.apple.Chatto;
				PRODUCT_NAME = "$(TARGET_NAME)";
				SWIFT_EMIT_LOC_STRINGS = YES;
				SWIFT_VERSION = 5.0;
				TARGETED_DEVICE_FAMILY = "1,2";
			};
			name = Release;
		};
		778AB6F72C10036200433E3C /* Debug */ = {
			isa = XCBuildConfiguration;
			buildSettings = {
				ALWAYS_EMBED_SWIFT_STANDARD_LIBRARIES = YES;
				BUNDLE_LOADER = "$(TEST_HOST)";
				CODE_SIGN_STYLE = Automatic;
				CURRENT_PROJECT_VERSION = 1;
				DEVELOPMENT_TEAM = DYXBWDG6F4;
				GENERATE_INFOPLIST_FILE = YES;
				IPHONEOS_DEPLOYMENT_TARGET = 17.2;
				MARKETING_VERSION = 1.0;
				PRODUCT_BUNDLE_IDENTIFIER = com.example.apple.ChattoTests;
				PRODUCT_NAME = "$(TARGET_NAME)";
				SWIFT_EMIT_LOC_STRINGS = NO;
				SWIFT_VERSION = 5.0;
				TARGETED_DEVICE_FAMILY = "1,2";
				TEST_HOST = "$(BUILT_PRODUCTS_DIR)/Chatto.app/$(BUNDLE_EXECUTABLE_FOLDER_PATH)/Chatto";
			};
			name = Debug;
		};
		778AB6F82C10036200433E3C /* Release */ = {
			isa = XCBuildConfiguration;
			buildSettings = {
				ALWAYS_EMBED_SWIFT_STANDARD_LIBRARIES = YES;
				BUNDLE_LOADER = "$(TEST_HOST)";
				CODE_SIGN_STYLE = Automatic;
				CURRENT_PROJECT_VERSION = 1;
				DEVELOPMENT_TEAM = DYXBWDG6F4;
				GENERATE_INFOPLIST_FILE = YES;
				IPHONEOS_DEPLOYMENT_TARGET = 17.2;
				MARKETING_VERSION = 1.0;
				PRODUCT_BUNDLE_IDENTIFIER = com.example.apple.ChattoTests;
				PRODUCT_NAME = "$(TARGET_NAME)";
				SWIFT_EMIT_LOC_STRINGS = NO;
				SWIFT_VERSION = 5.0;
				TARGETED_DEVICE_FAMILY = "1,2";
				TEST_HOST = "$(BUILT_PRODUCTS_DIR)/Chatto.app/$(BUNDLE_EXECUTABLE_FOLDER_PATH)/Chatto";
			};
			name = Release;
		};
		778AB6FA2C10036200433E3C /* Debug */ = {
			isa = XCBuildConfiguration;
			buildSettings = {
				ALWAYS_EMBED_SWIFT_STANDARD_LIBRARIES = YES;
				CODE_SIGN_STYLE = Automatic;
				CURRENT_PROJECT_VERSION = 1;
				DEVELOPMENT_TEAM = DYXBWDG6F4;
				GENERATE_INFOPLIST_FILE = YES;
				MARKETING_VERSION = 1.0;
				PRODUCT_BUNDLE_IDENTIFIER = com.example.apple.ChattoUITests;
				PRODUCT_NAME = "$(TARGET_NAME)";
				SWIFT_EMIT_LOC_STRINGS = NO;
				SWIFT_VERSION = 5.0;
				TARGETED_DEVICE_FAMILY = "1,2";
				TEST_TARGET_NAME = Chatto;
			};
			name = Debug;
		};
		778AB6FB2C10036200433E3C /* Release */ = {
			isa = XCBuildConfiguration;
			buildSettings = {
				ALWAYS_EMBED_SWIFT_STANDARD_LIBRARIES = YES;
				CODE_SIGN_STYLE = Automatic;
				CURRENT_PROJECT_VERSION = 1;
				DEVELOPMENT_TEAM = DYXBWDG6F4;
				GENERATE_INFOPLIST_FILE = YES;
				MARKETING_VERSION = 1.0;
				PRODUCT_BUNDLE_IDENTIFIER = com.example.apple.ChattoUITests;
				PRODUCT_NAME = "$(TARGET_NAME)";
				SWIFT_EMIT_LOC_STRINGS = NO;
				SWIFT_VERSION = 5.0;
				TARGETED_DEVICE_FAMILY = "1,2";
				TEST_TARGET_NAME = Chatto;
			};
			name = Release;
		};
/* End XCBuildConfiguration section */

/* Begin XCConfigurationList section */
		778AB6CA2C10035F00433E3C /* Build configuration list for PBXProject "Chatto" */ = {
			isa = XCConfigurationList;
			buildConfigurations = (
				778AB6F12C10036200433E3C /* Debug */,
				778AB6F22C10036200433E3C /* Release */,
			);
			defaultConfigurationIsVisible = 0;
			defaultConfigurationName = Release;
		};
		778AB6F32C10036200433E3C /* Build configuration list for PBXNativeTarget "Chatto" */ = {
			isa = XCConfigurationList;
			buildConfigurations = (
				778AB6F42C10036200433E3C /* Debug */,
				778AB6F52C10036200433E3C /* Release */,
			);
			defaultConfigurationIsVisible = 0;
			defaultConfigurationName = Release;
		};
		778AB6F62C10036200433E3C /* Build configuration list for PBXNativeTarget "ChattoTests" */ = {
			isa = XCConfigurationList;
			buildConfigurations = (
				778AB6F72C10036200433E3C /* Debug */,
				778AB6F82C10036200433E3C /* Release */,
			);
			defaultConfigurationIsVisible = 0;
			defaultConfigurationName = Release;
		};
		778AB6F92C10036200433E3C /* Build configuration list for PBXNativeTarget "ChattoUITests" */ = {
			isa = XCConfigurationList;
			buildConfigurations = (
				778AB6FA2C10036200433E3C /* Debug */,
				778AB6FB2C10036200433E3C /* Release */,
			);
			defaultConfigurationIsVisible = 0;
			defaultConfigurationName = Release;
		};
/* End XCConfigurationList section */
	};
	rootObject = 778AB6C72C10035F00433E3C /* Project object */;
}
